<?xml version="1.0" encoding="utf-8"?>
<Project ToolsVersion="4.0" xmlns="http://schemas.microsoft.com/developer/msbuild/2003">
  <ItemGroup>
    <Filter Include="Source Files">
      <UniqueIdentifier>{4FC737F1-C7A5-4376-A066-2A32D752A2FF}</UniqueIdentifier>
      <Extensions>cpp;c;cc;cxx;def;odl;idl;hpj;bat;asm;asmx</Extensions>
    </Filter>
    <Filter Include="Header Files">
      <UniqueIdentifier>{93995380-89BD-4b04-88EB-625FBE52EBFB}</UniqueIdentifier>
      <Extensions>h;hh;hpp;hxx;hm;inl;inc;xsd</Extensions>
    </Filter>
    <Filter Include="Resource Files">
      <UniqueIdentifier>{67DA6AB6-F800-4c08-8B7A-83BB121AAD01}</UniqueIdentifier>
      <Extensions>rc;ico;cur;bmp;dlg;rc2;rct;bin;rgs;gif;jpg;jpeg;jpe;resx;tiff;tif;png;wav;mfcribbon-ms</Extensions>
    </Filter>
  </ItemGroup>
  <ItemGroup>
    <ClCompile Include="example\example_plugin.cpp">
      <Filter>Source Files</Filter>
    </ClCompile>
    <ClCompile Include="sdk\CHeaders\Wrappers\XPCBroadcaster.cpp">
      <Filter>Source Files</Filter>
    </ClCompile>
    <ClCompile Include="sdk\CHeaders\Wrappers\XPCDisplay.cpp">
      <Filter>Source Files</Filter>
    </ClCompile>
    <ClCompile Include="sdk\CHeaders\Wrappers\XPCListener.cpp">
      <Filter>Source Files</Filter>
    </ClCompile>
    <ClCompile Include="sdk\CHeaders\Wrappers\XPCProcessing.cpp">
      <Filter>Source Files</Filter>
    </ClCompile>
    <ClCompile Include="sdk\CHeaders\Wrappers\XPCWidget.cpp">
      <Filter>Source Files</Filter>
    </ClCompile>
    <ClCompile Include="sdk\CHeaders\Wrappers\XPCWidgetAttachments.cpp">
      <Filter>Source Files</Filter>
    </ClCompile>
  </ItemGroup>
  <ItemGroup>
    <Library Include="sdk\Libraries\Win\XPLM_64.lib" />
  </ItemGroup>
  <ItemGroup>
    <ClInclude Include="sdk\CHeaders\Widgets\XPStandardWidgets.h">
      <Filter>Header Files</Filter>
    </ClInclude>
    <ClInclude Include="sdk\CHeaders\Widgets\XPUIGraphics.h">
      <Filter>Header Files</Filter>
    </ClInclude>
    <ClInclude Include="sdk\CHeaders\Widgets\XPWidgetDefs.h">
      <Filter>Header Files</Filter>
    </ClInclude>
    <ClInclude Include="sdk\CHeaders\Widgets\XPWidgets.h">
      <Filter>Header Files</Filter>
    </ClInclude>
    <ClInclude Include="sdk\CHeaders\Widgets\XPWidgetUtils.h">
      <Filter>Header Files</Filter>
    </ClInclude>
    <ClInclude Include="sdk\CHeaders\Wrappers\XPCBroadcaster.h">
      <Filter>Header Files</Filter>
    </ClInclude>
    <ClInclude Include="sdk\CHeaders\Wrappers\XPCDisplay.h">
      <Filter>Header Files</Filter>
    </ClInclude>
    <ClInclude Include="sdk\CHeaders\Wrappers\XPCListener.h">
      <Filter>Header Files</Filter>
    </ClInclude>
    <ClInclude Include="sdk\CHeaders\Wrappers\XPCProcessing.h">
      <Filter>Header Files</Filter>
    </ClInclude>
    <ClInclude Include="sdk\CHeaders\Wrappers\XPCWidget.h">
      <Filter>Header Files</Filter>
    </ClInclude>
    <ClInclude Include="sdk\CHeaders\Wrappers\XPCWidgetAttachments.h">
      <Filter>Header Files</Filter>
    </ClInclude>
    <ClInclude Include="sdk\CHeaders\XPLM\XPLMCamera.h">
      <Filter>Header Files</Filter>
    </ClInclude>
    <ClInclude Include="sdk\CHeaders\XPLM\XPLMDataAccess.h">
      <Filter>Header Files</Filter>
    </ClInclude>
    <ClInclude Include="sdk\CHeaders\XPLM\XPLMDefs.h">
      <Filter>Header Files</Filter>
    </ClInclude>
    <ClInclude Include="sdk\CHeaders\XPLM\XPLMDisplay.h">
      <Filter>Header Files</Filter>
    </ClInclude>
    <ClInclude Include="sdk\CHeaders\XPLM\XPLMGraphics.h">
      <Filter>Header Files</Filter>
    </ClInclude>
    <ClInclude Include="sdk\CHeaders\XPLM\XPLMMenus.h">
      <Filter>Header Files</Filter>
    </ClInclude>
    <ClInclude Include="sdk\CHeaders\XPLM\XPLMNavigation.h">
      <Filter>Header Files</Filter>
    </ClInclude>
    <ClInclude Include="sdk\CHeaders\XPLM\XPLMPlanes.h">
      <Filter>Header Files</Filter>
    </ClInclude>
    <ClInclude Include="sdk\CHeaders\XPLM\XPLMPlugin.h">
      <Filter>Header Files</Filter>
    </ClInclude>
    <ClInclude Include="sdk\CHeaders\XPLM\XPLMProcessing.h">
      <Filter>Header Files</Filter>
    </ClInclude>
    <ClInclude Include="sdk\CHeaders\XPLM\XPLMScenery.h">
      <Filter>Header Files</Filter>
    </ClInclude>
    <ClInclude Include="sdk\CHeaders\XPLM\XPLMUtilities.h">
      <Filter>Header Files</Filter>
    </ClInclude>
    <ClInclude Include="curlcpp\include\cookie.h">
      <Filter>Header Files</Filter>
    </ClInclude>
    <ClInclude Include="curlcpp\include\cookie_date.h">
      <Filter>Header Files</Filter>
    </ClInclude>
    <ClInclude Include="curlcpp\include\cookie_datetime.h">
      <Filter>Header Files</Filter>
    </ClInclude>
    <ClInclude Include="curlcpp\include\cookie_time.h">
      <Filter>Header Files</Filter>
    </ClInclude>
    <ClInclude Include="curlcpp\include\curl_config.h">
      <Filter>Header Files</Filter>
    </ClInclude>
    <ClInclude Include="curlcpp\include\curl_cookie.h">
      <Filter>Header Files</Filter>
    </ClInclude>
    <ClInclude Include="curlcpp\include\curl_easy.h">
      <Filter>Header Files</Filter>
    </ClInclude>
    <ClInclude Include="curlcpp\include\curl_easy_info.h">
      <Filter>Header Files</Filter>
    </ClInclude>
    <ClInclude Include="curlcpp\include\curl_exception.h">
      <Filter>Header Files</Filter>
    </ClInclude>
    <ClInclude Include="curlcpp\include\curl_form.h">
      <Filter>Header Files</Filter>
    </ClInclude>
    <ClInclude Include="curlcpp\include\curl_global.h">
      <Filter>Header Files</Filter>
    </ClInclude>
    <ClInclude Include="curlcpp\include\curl_header.h">
      <Filter>Header Files</Filter>
    </ClInclude>
    <ClInclude Include="curlcpp\include\curl_info.h">
      <Filter>Header Files</Filter>
    </ClInclude>
    <ClInclude Include="curlcpp\include\curl_interface.h">
      <Filter>Header Files</Filter>
    </ClInclude>
    <ClInclude Include="curlcpp\include\curl_ios.h">
      <Filter>Header Files</Filter>
    </ClInclude>
    <ClInclude Include="curlcpp\include\curl_multi.h">
      <Filter>Header Files</Filter>
    </ClInclude>
    <ClInclude Include="curlcpp\include\curl_option.h">
      <Filter>Header Files</Filter>
    </ClInclude>
    <ClInclude Include="curlcpp\include\curl_pair.h">
      <Filter>Header Files</Filter>
    </ClInclude>
    <ClInclude Include="curlcpp\include\curl_receiver.h">
      <Filter>Header Files</Filter>
    </ClInclude>
    <ClInclude Include="curlcpp\include\curl_sender.h">
      <Filter>Header Files</Filter>
    </ClInclude>
    <ClInclude Include="curlcpp\include\curl_share.h">
      <Filter>Header Files</Filter>
    </ClInclude>
    <ClInclude Include="curlcpp\include\curl_utility.h">
      <Filter>Header Files</Filter>
    </ClInclude>
  </ItemGroup>
</Project>